{
  "nodes": {
    "nixpkgs": {
      "locked": {
        "lastModified": 1682776216,
        "narHash": "sha256-6S0N80drt+pTbAumIR6au/shTgKMHKkAa6Kq0LfB7i8=",
        "owner": "nixos",
        "repo": "nixpkgs",
        "rev": "4acc6ace1e447d7018197b0f1caee62cd7e2ef90",
        "type": "github"
      },
      "original": {
        "owner": "nixos",
        "repo": "nixpkgs",
        "type": "github"
      }
    },
    "root": {
      "inputs": {
        "nixpkgs": "nixpkgs"
      }
    }
  },
  "root": "root",
  "version": 7
}
