{
  "nodes": {
    "home-manager": {
      "inputs": {
        "nixpkgs": [
          "nixpkgs"
        ]
      },
      "locked": {
        "lastModified": 1739757849,
        "narHash": "sha256-Gs076ot1YuAAsYVcyidLKUMIc4ooOaRGO0PqTY7sBzA=",
        "owner": "nix-community",
        "repo": "home-manager",
        "rev": "9d3d080aec2a35e05a15cedd281c2384767c2cfe",
        "type": "github"
      },
      "original": {
        "owner": "nix-community",
        "ref": "release-24.11",
        "repo": "home-manager",
        "type": "github"
      }
    },
    "nixlib": {
      "locked": {
        "lastModified": 1736643958,
        "narHash": "sha256-tmpqTSWVRJVhpvfSN9KXBvKEXplrwKnSZNAoNPf/S/s=",
        "owner": "nix-community",
        "repo": "nixpkgs.lib",
        "rev": "1418bc28a52126761c02dd3d89b2d8ca0f521181",
        "type": "github"
      },
      "original": {
        "owner": "nix-community",
        "repo": "nixpkgs.lib",
        "type": "github"
      }
    },
    "nixos-generators": {
      "inputs": {
        "nixlib": "nixlib",
        "nixpkgs": [
          "nixpkgs"
        ]
      },
      "locked": {
        "lastModified": 1740947705,
        "narHash": "sha256-Co2kAD2SZalOm+5zoxmzEVZNvZ17TyafuFsD46BwSdY=",
        "owner": "nix-community",
        "repo": "nixos-generators",
        "rev": "507911df8c35939050ae324caccc7cf4ffb76565",
        "type": "github"
      },
      "original": {
        "owner": "nix-community",
        "repo": "nixos-generators",
        "type": "github"
      }
    },
    "nixpkgs": {
      "locked": {
        "lastModified": 1741600792,
        "narHash": "sha256-yfDy6chHcM7pXpMF4wycuuV+ILSTG486Z/vLx/Bdi6Y=",
        "owner": "NixOS",
        "repo": "nixpkgs",
        "rev": "ebe2788eafd539477f83775ef93c3c7e244421d3",
        "type": "github"
      },
      "original": {
        "owner": "NixOS",
        "ref": "nixos-24.11",
        "repo": "nixpkgs",
        "type": "github"
      }
    },
    "root": {
      "inputs": {
        "home-manager": "home-manager",
        "nixos-generators": "nixos-generators",
        "nixpkgs": "nixpkgs"
      }
    }
  },
  "root": "root",
  "version": 7
}
